
Microsoft Visual Studio Solution File, Format Version 12.00
# Visual Studio Version 17
VisualStudioVersion = 17.5.33103.201
MinimumVisualStudioVersion = 10.0.40219.1
Project("{9A19103F-16F7-4668-BE54-9A1E7A4F7556}") = "Day1", "Day1\Day1.csproj", "{2DE5DC6A-328E-4CB0-9A28-FA8A8A6D9CF8}"
EndProject
Project("{9A19103F-16F7-4668-BE54-9A1E7A4F7556}") = "Day2", "Day2\Day2.csproj", "{4251D6F4-93FB-49AE-9438-10E9D2F9011F}"
EndProject
Project("{9A19103F-16F7-4668-BE54-9A1E7A4F7556}") = "Day3", "Day3\Day3.csproj", "{0B571698-DC51-4F12-9AA7-A16BE154D2D9}"
EndProject
Project("{9A19103F-16F7-4668-BE54-9A1E7A4F7556}") = "Day4", "Day4\Day4.csproj", "{48DA891C-DF5E-427F-9B7E-BD55A0CD92AB}"
EndProject
Project("{9A19103F-16F7-4668-BE54-9A1E7A4F7556}") = "Day5", "Day5\Day5.csproj", "{308F7679-07CD-4AFF-839D-BC273A36D3AA}"
EndProject
Project("{FAE04EC0-301F-11D3-BF4B-00C04F79EFBC}") = "Day6", "Day6\Day6.csproj", "{A7395233-DEE5-4A68-A96C-D5457B05C16F}"
EndProject
Project("{FAE04EC0-301F-11D3-BF4B-00C04F79EFBC}") = "Day7", "Day7\Day7.csproj", "{FB775644-E726-4B2A-AD20-0E927091D3FD}"
EndProject
Global
	GlobalSection(SolutionConfigurationPlatforms) = preSolution
		Debug|Any CPU = Debug|Any CPU
		Release|Any CPU = Release|Any CPU
	EndGlobalSection
	GlobalSection(ProjectConfigurationPlatforms) = postSolution
		{2DE5DC6A-328E-4CB0-9A28-FA8A8A6D9CF8}.Debug|Any CPU.ActiveCfg = Debug|Any CPU
		{2DE5DC6A-328E-4CB0-9A28-FA8A8A6D9CF8}.Debug|Any CPU.Build.0 = Debug|Any CPU
		{2DE5DC6A-328E-4CB0-9A28-FA8A8A6D9CF8}.Release|Any CPU.ActiveCfg = Release|Any CPU
		{2DE5DC6A-328E-4CB0-9A28-FA8A8A6D9CF8}.Release|Any CPU.Build.0 = Release|Any CPU
		{4251D6F4-93FB-49AE-9438-10E9D2F9011F}.Debug|Any CPU.ActiveCfg = Debug|Any CPU
		{4251D6F4-93FB-49AE-9438-10E9D2F9011F}.Debug|Any CPU.Build.0 = Debug|Any CPU
		{4251D6F4-93FB-49AE-9438-10E9D2F9011F}.Release|Any CPU.ActiveCfg = Release|Any CPU
		{4251D6F4-93FB-49AE-9438-10E9D2F9011F}.Release|Any CPU.Build.0 = Release|Any CPU
		{0B571698-DC51-4F12-9AA7-A16BE154D2D9}.Debug|Any CPU.ActiveCfg = Debug|Any CPU
		{0B571698-DC51-4F12-9AA7-A16BE154D2D9}.Debug|Any CPU.Build.0 = Debug|Any CPU
		{0B571698-DC51-4F12-9AA7-A16BE154D2D9}.Release|Any CPU.ActiveCfg = Release|Any CPU
		{0B571698-DC51-4F12-9AA7-A16BE154D2D9}.Release|Any CPU.Build.0 = Release|Any CPU
		{48DA891C-DF5E-427F-9B7E-BD55A0CD92AB}.Debug|Any CPU.ActiveCfg = Debug|Any CPU
		{48DA891C-DF5E-427F-9B7E-BD55A0CD92AB}.Debug|Any CPU.Build.0 = Debug|Any CPU
		{48DA891C-DF5E-427F-9B7E-BD55A0CD92AB}.Release|Any CPU.ActiveCfg = Release|Any CPU
		{48DA891C-DF5E-427F-9B7E-BD55A0CD92AB}.Release|Any CPU.Build.0 = Release|Any CPU
		{308F7679-07CD-4AFF-839D-BC273A36D3AA}.Debug|Any CPU.ActiveCfg = Debug|Any CPU
		{308F7679-07CD-4AFF-839D-BC273A36D3AA}.Debug|Any CPU.Build.0 = Debug|Any CPU
		{308F7679-07CD-4AFF-839D-BC273A36D3AA}.Release|Any CPU.ActiveCfg = Release|Any CPU
		{308F7679-07CD-4AFF-839D-BC273A36D3AA}.Release|Any CPU.Build.0 = Release|Any CPU
		{A7395233-DEE5-4A68-A96C-D5457B05C16F}.Debug|Any CPU.ActiveCfg = Debug|Any CPU
		{A7395233-DEE5-4A68-A96C-D5457B05C16F}.Debug|Any CPU.Build.0 = Debug|Any CPU
		{A7395233-DEE5-4A68-A96C-D5457B05C16F}.Release|Any CPU.ActiveCfg = Release|Any CPU
		{A7395233-DEE5-4A68-A96C-D5457B05C16F}.Release|Any CPU.Build.0 = Release|Any CPU
		{FB775644-E726-4B2A-AD20-0E927091D3FD}.Debug|Any CPU.ActiveCfg = Debug|Any CPU
		{FB775644-E726-4B2A-AD20-0E927091D3FD}.Debug|Any CPU.Build.0 = Debug|Any CPU
		{FB775644-E726-4B2A-AD20-0E927091D3FD}.Release|Any CPU.ActiveCfg = Release|Any CPU
		{FB775644-E726-4B2A-AD20-0E927091D3FD}.Release|Any CPU.Build.0 = Release|Any CPU
	EndGlobalSection
	GlobalSection(SolutionProperties) = preSolution
		HideSolutionNode = FALSE
	EndGlobalSection
	GlobalSection(ExtensibilityGlobals) = postSolution
		SolutionGuid = {4F136501-8555-4336-96C3-C08189193781}
	EndGlobalSection
EndGlobal
